
Microsoft Visual Studio Solution File, Format Version 12.00
# Visual Studio 15
VisualStudioVersion = 15.0.28307.271
MinimumVisualStudioVersion = 10.0.40219.1
Project("{FAE04EC0-301F-11D3-BF4B-00C04F79EFBC}") = "Windformapp_1", "Windformapp_1\Windformapp_1.csproj", "{307568AC-AAD1-40A6-8B9E-9D7C124DC007}"
EndProject
Global
	GlobalSection(SolutionConfigurationPlatforms) = preSolution
		Debug|Any CPU = Debug|Any CPU
		Release|Any CPU = Release|Any CPU
	EndGlobalSection
	GlobalSection(ProjectConfigurationPlatforms) = postSolution
		{307568AC-AAD1-40A6-8B9E-9D7C124DC007}.Debug|Any CPU.ActiveCfg = Debug|Any CPU
		{307568AC-AAD1-40A6-8B9E-9D7C124DC007}.Debug|Any CPU.Build.0 = Debug|Any CPU
		{307568AC-AAD1-40A6-8B9E-9D7C124DC007}.Release|Any CPU.ActiveCfg = Release|Any CPU
		{307568AC-AAD1-40A6-8B9E-9D7C124DC007}.Release|Any CPU.Build.0 = Release|Any CPU
	EndGlobalSection
	GlobalSection(SolutionProperties) = preSolution
		HideSolutionNode = FALSE
	EndGlobalSection
	GlobalSection(ExtensibilityGlobals) = postSolution
		SolutionGuid = {04F40D34-BB4E-430F-B424-77916AFBD37F}
	EndGlobalSection
EndGlobal
